{
  "name": "component-test-utils-angular",
  "version": "1.0.0-beta.0",
  "lockfileVersion": 1,
  "requires": true,
  "dependencies": {
    "@angular/animations": {
      "version": "7.2.12",
      "resolved": "https://registry.npmjs.org/@angular/animations/-/animations-7.2.12.tgz",
      "integrity": "sha512-J7d9hYXNqNz2kVxKEZlAAn4iojjF63WfGenEnMCtFgXU26ok03EAiR+VaiIqIvcevxvvR+iDrCHb+Hub0C212w==",
      "requires": {
        "tslib": "^1.9.0"
      }
    },
    "@angular/common": {
      "version": "7.2.12",
      "resolved": "https://registry.npmjs.org/@angular/common/-/common-7.2.12.tgz",
      "integrity": "sha512-JzcysRDfx2dvvcZ4uwgn+6gFDYlbH9j2Uyz6fWOSinAA0kcleOu/Gb77XbCI5M3Xvh1hxHVyz0Zxv/Pi0Y1O1g==",
      "requires": {
        "tslib": "^1.9.0"
      }
    },
    "@angular/compiler": {
      "version": "7.2.11",
      "resolved": "https://registry.npmjs.org/@angular/compiler/-/compiler-7.2.11.tgz",
      "integrity": "sha512-PptrtUgzuxLtBFxcmkkmhr16Pu9A3xqRQGmgTKL2mzwpt/fZswYEv4QT2E5Br8f94UP5XPv+K30kY+exjPnFjg==",
      "requires": {
        "tslib": "^1.9.0"
      }
    },
    "@angular/core": {
      "version": "7.2.11",
      "resolved": "https://registry.npmjs.org/@angular/core/-/core-7.2.11.tgz",
      "integrity": "sha512-2FUgXbGn75D6HQESVVmnrjqP1l2YNwwIZISembzpr4WvTm0lxzq/9WsuPFJNWggwCerajyjYz+kDJT3RsonGZg==",
      "requires": {
        "tslib": "^1.9.0"
      }
    },
    "@angular/http": {
      "version": "7.2.12",
      "resolved": "https://registry.npmjs.org/@angular/http/-/http-7.2.12.tgz",
      "integrity": "sha512-cceU+SWIQFOL3gRKqm5SYHQM3VoKbXne2XQRSY2Fdoc3XsipOzTEvJQPLm5ZcTEXdmRFlfianDoDaWEIvGbXkw==",
      "requires": {
        "tslib": "^1.9.0"
      }
    },
    "@angular/platform-browser": {
      "version": "7.2.11",
      "resolved": "https://registry.npmjs.org/@angular/platform-browser/-/platform-browser-7.2.11.tgz",
      "integrity": "sha512-M/XB1TQDHx2Ni+2NR75Zc1N+UuwfAMwNcBaOxtKRLkZhpyOAneA0ZyqT2GQm6XTGxDwQhz6Q3wG6SwGTm9aLYg==",
      "requires": {
        "tslib": "^1.9.0"
      }
    },
    "@angular/platform-browser-dynamic": {
      "version": "7.2.11",
      "resolved": "https://registry.npmjs.org/@angular/platform-browser-dynamic/-/platform-browser-dynamic-7.2.11.tgz",
      "integrity": "sha512-MDwNjH0BKfYabTJtfKAy87o+pRVcHsCwlrkp8/LBGNS42vDuzWWNUepMRTf2SloDUthL9Tsibdl1LfbMhUoGpw==",
      "requires": {
        "tslib": "^1.9.0"
      }
    },
    "@angular/platform-server": {
      "version": "7.2.12",
      "resolved": "https://registry.npmjs.org/@angular/platform-server/-/platform-server-7.2.12.tgz",
      "integrity": "sha512-e3kBeiq9CHqTrxjO65XZm0kIG7HUq8zI0vrsSxgznCmH+vJCL+qQOblHrlkdDESU76FbZgYzDIsYBoz31/OpaA==",
      "requires": {
        "domino": "^2.1.0",
        "tslib": "^1.9.0",
        "xhr2": "^0.1.4"
      }
    },
    "core-js": {
      "version": "3.6.5",
      "resolved": "https://registry.npmjs.org/core-js/-/core-js-3.6.5.tgz",
      "integrity": "sha512-vZVEEwZoIsI+vPEuoF9Iqf5H7/M3eeQqWlQnYa8FSKKePuYTf5MWnxb5SDAzCa60b3JBRS5g9b+Dq7b1y/RCrA=="
    },
    "domino": {
      "version": "2.1.3",
      "resolved": "https://registry.npmjs.org/domino/-/domino-2.1.3.tgz",
      "integrity": "sha512-EwjTbUv1Q/RLQOdn9k7ClHutrQcWGsfXaRQNOnM/KgK4xDBoLFEcIRFuBSxAx13Vfa63X029gXYrNFrSy+DOSg=="
    },
    "tslib": {
      "version": "1.9.3",
      "resolved": "https://registry.npmjs.org/tslib/-/tslib-1.9.3.tgz",
      "integrity": "sha512-4krF8scpejhaOgqzBEcGM7yDIEfi0/8+8zDRZhNZZ2kjmHJ4hv3zCbQWxoJGz1iw5U0Jl0nma13xzHXcncMavQ=="
    },
    "xhr2": {
      "version": "0.1.4",
      "resolved": "https://registry.npmjs.org/xhr2/-/xhr2-0.1.4.tgz",
      "integrity": "sha1-f4dliEdxbbUCYyOBL4GMras4el8="
    }
  }
}
