{
	"name": "component-test-utils-angular",
	"version": "1.0.1-beta.0",
	"lockfileVersion": 1,
	"requires": true,
	"dependencies": {
		"@angular/animations": {
			"version": "7.2.16",
			"resolved": "https://registry.npmjs.org/@angular/animations/-/animations-7.2.16.tgz",
			"integrity": "sha512-jH7haM3Hgtn1EW9b0Vfq6UqSz+rx3l7k+gJi9tuHEOPZdBTjtv3sNQxmM0IKxzOuTfM8KhRFkUlzyi43kfdp0w==",
			"requires": {
				"tslib": "^1.9.0"
			}
		},
		"@angular/common": {
			"version": "7.2.16",
			"resolved": "https://registry.npmjs.org/@angular/common/-/common-7.2.16.tgz",
			"integrity": "sha512-lPo2Vt5zmKeKTdMxHMUuViouMiK4QsmO6dGTIhJ7QAx9mov0QYb4sUVKN9Ix32Aeeznaa97qJnhevyDncJqvSA==",
			"requires": {
				"tslib": "^1.9.0"
			}
		},
		"@angular/compiler": {
			"version": "7.2.16",
			"resolved": "https://registry.npmjs.org/@angular/compiler/-/compiler-7.2.16.tgz",
			"integrity": "sha512-8iX+E9Cnet2167RdP8wM5PGPoEnw/jZNvHrtTRHs4g53n/Rg45iLmE9qFzxCqXGBmUO9LXKYdcXnettFKFLifg==",
			"requires": {
				"tslib": "^1.9.0"
			}
		},
		"@angular/core": {
			"version": "7.2.16",
			"resolved": "https://registry.npmjs.org/@angular/core/-/core-7.2.16.tgz",
			"integrity": "sha512-z1RuBinuYeC4KLv8Z95YOgIQLd4nkoApdxkIZaWALwSkgeBuHJn4bCBn2cL0gJ/KO2x18TiTU5HuC+uyBt0AVQ==",
			"requires": {
				"tslib": "^1.9.0"
			}
		},
		"@angular/http": {
			"version": "7.2.16",
			"resolved": "https://registry.npmjs.org/@angular/http/-/http-7.2.16.tgz",
			"integrity": "sha512-yvjbNyzFSmmz4UTjCdy5M8mk0cZqf9TvSf8yN5UVIwtw4joyuUdlgJCuin0qSbQOKIf/JjHoofpO2JkPCGSNww==",
			"requires": {
				"tslib": "^1.9.0"
			}
		},
		"@angular/platform-browser": {
			"version": "7.2.16",
			"resolved": "https://registry.npmjs.org/@angular/platform-browser/-/platform-browser-7.2.16.tgz",
			"integrity": "sha512-6LltxoPlbtUgSec5a+BGPHZ0UYdqFizxSsplC1PoJdqH17DDxQjxcluAfXnLlvOYFSSPvYa73PSOpmUU2vp4gA==",
			"requires": {
				"tslib": "^1.9.0"
			}
		},
		"@angular/platform-browser-dynamic": {
			"version": "7.2.16",
			"resolved": "https://registry.npmjs.org/@angular/platform-browser-dynamic/-/platform-browser-dynamic-7.2.16.tgz",
			"integrity": "sha512-xsQ0qB54h7oY5UATK9VW25Y4dvG7uQe9+X4cf/GWB+R3eCzP8J9Ekxs4VU9y2ujlQkD64PV8gpKu0FHFh7wjIQ==",
			"requires": {
				"tslib": "^1.9.0"
			}
		},
		"@angular/platform-server": {
			"version": "7.2.16",
			"resolved": "https://registry.npmjs.org/@angular/platform-server/-/platform-server-7.2.16.tgz",
			"integrity": "sha512-I6i4oy543iKiUHRzCMp/SuAOPP7WPMcVKz8sNwtWbI2mT2i5dihK9fBLOYoMVSYN5oL7yVEd/9dkcp881/ojxg==",
			"requires": {
				"domino": "^2.1.0",
				"tslib": "^1.9.0",
				"xhr2": "^0.1.4"
			}
		},
		"core-js": {
			"version": "3.6.5",
			"resolved": "https://registry.npmjs.org/core-js/-/core-js-3.6.5.tgz",
			"integrity": "sha512-vZVEEwZoIsI+vPEuoF9Iqf5H7/M3eeQqWlQnYa8FSKKePuYTf5MWnxb5SDAzCa60b3JBRS5g9b+Dq7b1y/RCrA=="
		},
		"domino": {
			"version": "2.1.4",
			"resolved": "https://registry.npmjs.org/domino/-/domino-2.1.4.tgz",
			"integrity": "sha512-l70mlQ7IjPKC8kT7GljQXJZmt5OqFL+RE91ik5y5WWQtsd9wP8R7gpFnNu96fK5MqAAZRXfLLsnzKtkty5fWGQ=="
		},
		"tslib": {
			"version": "1.11.1",
			"resolved": "https://registry.npmjs.org/tslib/-/tslib-1.11.1.tgz",
			"integrity": "sha512-aZW88SY8kQbU7gpV19lN24LtXh/yD4ZZg6qieAJDDg+YBsJcSmLGK9QpnUjAKVG/xefmvJGd1WUmfpT/g6AJGA=="
		},
		"xhr2": {
			"version": "0.1.4",
			"resolved": "https://registry.npmjs.org/xhr2/-/xhr2-0.1.4.tgz",
			"integrity": "sha1-f4dliEdxbbUCYyOBL4GMras4el8="
		}
	}
}
